
Microsoft Visual Studio Solution File, Format Version 12.00
# Visual Studio Version 17
VisualStudioVersion = 17.2.32602.215
MinimumVisualStudioVersion = 10.0.40219.1
Project("{9A19103F-16F7-4668-BE54-9A1E7A4F7556}") = "Watch.DataAccess", "Watch.DataAccess\Watch.DataAccess.csproj", "{1E48BBC9-968C-4B96-BC29-A1ED02C91C2C}"
EndProject
Project("{9A19103F-16F7-4668-BE54-9A1E7A4F7556}") = "Watch.Domain", "Watch.Domain\Watch.Domain.csproj", "{11AB2607-1532-4DD3-BC13-EA1002A4006F}"
EndProject
Project("{9A19103F-16F7-4668-BE54-9A1E7A4F7556}") = "Watch.WebApi", "Watch.WebApi\Watch.WebApi.csproj", "{E5FD836B-98F9-4114-BD3F-B02D0D0B2AC5}"
EndProject
Project("{FAE04EC0-301F-11D3-BF4B-00C04F79EFBC}") = "Watch.DataAccess.UI", "Watch.DataAccess.UI\Watch.DataAccess.UI.csproj", "{E86B9A06-51F4-4C38-8948-DFE0E00297AE}"
EndProject
Global
	GlobalSection(SolutionConfigurationPlatforms) = preSolution
		Debug|Any CPU = Debug|Any CPU
		Release|Any CPU = Release|Any CPU
	EndGlobalSection
	GlobalSection(ProjectConfigurationPlatforms) = postSolution
		{1E48BBC9-968C-4B96-BC29-A1ED02C91C2C}.Debug|Any CPU.ActiveCfg = Debug|Any CPU
		{1E48BBC9-968C-4B96-BC29-A1ED02C91C2C}.Debug|Any CPU.Build.0 = Debug|Any CPU
		{1E48BBC9-968C-4B96-BC29-A1ED02C91C2C}.Release|Any CPU.ActiveCfg = Release|Any CPU
		{1E48BBC9-968C-4B96-BC29-A1ED02C91C2C}.Release|Any CPU.Build.0 = Release|Any CPU
		{11AB2607-1532-4DD3-BC13-EA1002A4006F}.Debug|Any CPU.ActiveCfg = Debug|Any CPU
		{11AB2607-1532-4DD3-BC13-EA1002A4006F}.Debug|Any CPU.Build.0 = Debug|Any CPU
		{11AB2607-1532-4DD3-BC13-EA1002A4006F}.Release|Any CPU.ActiveCfg = Release|Any CPU
		{11AB2607-1532-4DD3-BC13-EA1002A4006F}.Release|Any CPU.Build.0 = Release|Any CPU
		{E5FD836B-98F9-4114-BD3F-B02D0D0B2AC5}.Debug|Any CPU.ActiveCfg = Debug|Any CPU
		{E5FD836B-98F9-4114-BD3F-B02D0D0B2AC5}.Debug|Any CPU.Build.0 = Debug|Any CPU
		{E5FD836B-98F9-4114-BD3F-B02D0D0B2AC5}.Release|Any CPU.ActiveCfg = Release|Any CPU
		{E5FD836B-98F9-4114-BD3F-B02D0D0B2AC5}.Release|Any CPU.Build.0 = Release|Any CPU
		{E86B9A06-51F4-4C38-8948-DFE0E00297AE}.Debug|Any CPU.ActiveCfg = Debug|Any CPU
		{E86B9A06-51F4-4C38-8948-DFE0E00297AE}.Debug|Any CPU.Build.0 = Debug|Any CPU
		{E86B9A06-51F4-4C38-8948-DFE0E00297AE}.Release|Any CPU.ActiveCfg = Release|Any CPU
		{E86B9A06-51F4-4C38-8948-DFE0E00297AE}.Release|Any CPU.Build.0 = Release|Any CPU
	EndGlobalSection
	GlobalSection(SolutionProperties) = preSolution
		HideSolutionNode = FALSE
	EndGlobalSection
	GlobalSection(ExtensibilityGlobals) = postSolution
		SolutionGuid = {FD3D2AED-6AEE-4884-BA8A-F9E222011A5A}
	EndGlobalSection
EndGlobal
